{
  "originHash" : "95108754d5207e9a9ffb3732790987ed57637fe8d3eb578e39e23dde0d955ffd",
  "pins" : [
    {
      "identity" : "loady",
      "kind" : "remoteSourceControl",
      "location" : "https://github.com/farshadjahanmanesh/loady.git",
      "state" : {
        "revision" : "3ef0c35822def0402884257b8eaa18c1f88bea55",
        "version" : "1.0.8"
      }
    },
    {
      "identity" : "sdwebimage",
      "kind" : "remoteSourceControl",
      "location" : "https://github.com/SDWebImage/SDWebImage.git",
      "state" : {
        "revision" : "be0bcd7823ce56629948491f2eaeaa19979514f7",
        "version" : "5.19.4"
      }
    },
    {
      "identity" : "sdwebimageswiftui",
      "kind" : "remoteSourceControl",
      "location" : "https://github.com/SDWebImage/SDWebImageSwiftUI.git",
      "state" : {
        "revision" : "5d462f7530677ae0c2b9510c26383aa25ba48751",
        "version" : "3.1.1"
      }
    }
  ],
  "version" : 3
}
